// !$*UTF8*$!
{
	archiveVersion = 1;
	classes = {
	};
	objectVersion = 50;
	objects = {

/* Begin PBXBuildFile section */
		7D04EF7F2398FA060051AE9C /* Input.swift in Sources */ = {isa = PBXBuildFile; fileRef = 7D04EF7E2398FA060051AE9C /* Input.swift */; };
		7D21B8392399304300106ECB /* MainContainer.swift in Sources */ = {isa = PBXBuildFile; fileRef = 7D21B8382399304300106ECB /* MainContainer.swift */; };
		7DBE86BE23978E8A00A96BBC /* ValidationService.swift in Sources */ = {isa = PBXBuildFile; fileRef = 7DBE86BD23978E8A00A96BBC /* ValidationService.swift */; };
		7DBE86C023978EC400A96BBC /* ValidationServiceImpl.swift in Sources */ = {isa = PBXBuildFile; fileRef = 7DBE86BF23978EC400A96BBC /* ValidationServiceImpl.swift */; };
		7DBE86C3239791BD00A96BBC /* ValidationError.swift in Sources */ = {isa = PBXBuildFile; fileRef = 7DBE86C2239791BD00A96BBC /* ValidationError.swift */; };
		7DBE86C523979E9200A96BBC /* ViewModel.swift in Sources */ = {isa = PBXBuildFile; fileRef = 7DBE86C423979E9200A96BBC /* ViewModel.swift */; };
		7DBE86C72397A00D00A96BBC /* ViewModelImpl.swift in Sources */ = {isa = PBXBuildFile; fileRef = 7DBE86C62397A00D00A96BBC /* ViewModelImpl.swift */; };
		7DBE86CC2397A08C00A96BBC /* ViewInput.swift in Sources */ = {isa = PBXBuildFile; fileRef = 7DBE86CB2397A08C00A96BBC /* ViewInput.swift */; };
		7DBE86CE2397A16F00A96BBC /* Coordinator.swift in Sources */ = {isa = PBXBuildFile; fileRef = 7DBE86CD2397A16F00A96BBC /* Coordinator.swift */; };
		7DBE86D02397A1A600A96BBC /* CoordinatorImpl.swift in Sources */ = {isa = PBXBuildFile; fileRef = 7DBE86CF2397A1A600A96BBC /* CoordinatorImpl.swift */; };
		7DBE86D32397A40100A96BBC /* AppCoordinator.swift in Sources */ = {isa = PBXBuildFile; fileRef = 7DBE86D22397A40100A96BBC /* AppCoordinator.swift */; };
		7DBE86D52397A40C00A96BBC /* AppCoordinatorImpl.swift in Sources */ = {isa = PBXBuildFile; fileRef = 7DBE86D42397A40C00A96BBC /* AppCoordinatorImpl.swift */; };
		7DBE86DE2397A85300A96BBC /* Assembly.swift in Sources */ = {isa = PBXBuildFile; fileRef = 7DBE86DD2397A85300A96BBC /* Assembly.swift */; };
		7DBE86E02397A86E00A96BBC /* AssemblyImpl.swift in Sources */ = {isa = PBXBuildFile; fileRef = 7DBE86DF2397A86E00A96BBC /* AssemblyImpl.swift */; };
		7DBE86E22397AAF800A96BBC /* ViewController.swift in Sources */ = {isa = PBXBuildFile; fileRef = 7DBE86E12397AAF800A96BBC /* ViewController.swift */; };
		7DBE86E62397B98C00A96BBC /* View.storyboard in Resources */ = {isa = PBXBuildFile; fileRef = 7DBE86E52397B98C00A96BBC /* View.storyboard */; };
		7DD9509F238589F10066F824 /* AppDelegate.swift in Sources */ = {isa = PBXBuildFile; fileRef = 7DD9509E238589F10066F824 /* AppDelegate.swift */; };
		7DD950A6238589F10066F824 /* Main.storyboard in Resources */ = {isa = PBXBuildFile; fileRef = 7DD950A4238589F10066F824 /* Main.storyboard */; };
		7DD950A8238589F20066F824 /* Assets.xcassets in Resources */ = {isa = PBXBuildFile; fileRef = 7DD950A7238589F20066F824 /* Assets.xcassets */; };
		7DD950AB238589F20066F824 /* LaunchScreen.storyboard in Resources */ = {isa = PBXBuildFile; fileRef = 7DD950A9238589F20066F824 /* LaunchScreen.storyboard */; };
		7DD950B423858AF90066F824 /* InputTableViewCell.swift in Sources */ = {isa = PBXBuildFile; fileRef = 7DD950B223858AF90066F824 /* InputTableViewCell.swift */; };
		7DD950B523858AF90066F824 /* InputTableViewCell.xib in Resources */ = {isa = PBXBuildFile; fileRef = 7DD950B323858AF90066F824 /* InputTableViewCell.xib */; };
		7DD950B723858CF40066F824 /* SceneDelegate.swift in Sources */ = {isa = PBXBuildFile; fileRef = 7DD950B623858CF40066F824 /* SceneDelegate.swift */; };
/* End PBXBuildFile section */

/* Begin PBXFileReference section */
		7D04EF7E2398FA060051AE9C /* Input.swift */ = {isa = PBXFileReference; lastKnownFileType = sourcecode.swift; path = Input.swift; sourceTree = "<group>"; };
		7D21B8382399304300106ECB /* MainContainer.swift */ = {isa = PBXFileReference; lastKnownFileType = sourcecode.swift; path = MainContainer.swift; sourceTree = "<group>"; };
		7DBE86BD23978E8A00A96BBC /* ValidationService.swift */ = {isa = PBXFileReference; lastKnownFileType = sourcecode.swift; path = ValidationService.swift; sourceTree = "<group>"; };
		7DBE86BF23978EC400A96BBC /* ValidationServiceImpl.swift */ = {isa = PBXFileReference; lastKnownFileType = sourcecode.swift; path = ValidationServiceImpl.swift; sourceTree = "<group>"; };
		7DBE86C2239791BD00A96BBC /* ValidationError.swift */ = {isa = PBXFileReference; lastKnownFileType = sourcecode.swift; path = ValidationError.swift; sourceTree = "<group>"; };
		7DBE86C423979E9200A96BBC /* ViewModel.swift */ = {isa = PBXFileReference; lastKnownFileType = sourcecode.swift; path = ViewModel.swift; sourceTree = "<group>"; };
		7DBE86C62397A00D00A96BBC /* ViewModelImpl.swift */ = {isa = PBXFileReference; lastKnownFileType = sourcecode.swift; path = ViewModelImpl.swift; sourceTree = "<group>"; };
		7DBE86CB2397A08C00A96BBC /* ViewInput.swift */ = {isa = PBXFileReference; lastKnownFileType = sourcecode.swift; path = ViewInput.swift; sourceTree = "<group>"; };
		7DBE86CD2397A16F00A96BBC /* Coordinator.swift */ = {isa = PBXFileReference; lastKnownFileType = sourcecode.swift; path = Coordinator.swift; sourceTree = "<group>"; };
		7DBE86CF2397A1A600A96BBC /* CoordinatorImpl.swift */ = {isa = PBXFileReference; lastKnownFileType = sourcecode.swift; path = CoordinatorImpl.swift; sourceTree = "<group>"; };
		7DBE86D22397A40100A96BBC /* AppCoordinator.swift */ = {isa = PBXFileReference; lastKnownFileType = sourcecode.swift; path = AppCoordinator.swift; sourceTree = "<group>"; };
		7DBE86D42397A40C00A96BBC /* AppCoordinatorImpl.swift */ = {isa = PBXFileReference; lastKnownFileType = sourcecode.swift; path = AppCoordinatorImpl.swift; sourceTree = "<group>"; };
		7DBE86DD2397A85300A96BBC /* Assembly.swift */ = {isa = PBXFileReference; lastKnownFileType = sourcecode.swift; path = Assembly.swift; sourceTree = "<group>"; };
		7DBE86DF2397A86E00A96BBC /* AssemblyImpl.swift */ = {isa = PBXFileReference; lastKnownFileType = sourcecode.swift; path = AssemblyImpl.swift; sourceTree = "<group>"; };
		7DBE86E12397AAF800A96BBC /* ViewController.swift */ = {isa = PBXFileReference; fileEncoding = 4; lastKnownFileType = sourcecode.swift; path = ViewController.swift; sourceTree = "<group>"; };
		7DBE86E52397B98C00A96BBC /* View.storyboard */ = {isa = PBXFileReference; lastKnownFileType = file.storyboard; path = View.storyboard; sourceTree = "<group>"; };
		7DD9509B238589F10066F824 /* KVO+KVCTest_PDP.app */ = {isa = PBXFileReference; explicitFileType = wrapper.application; includeInIndex = 0; path = "KVO+KVCTest_PDP.app"; sourceTree = BUILT_PRODUCTS_DIR; };
		7DD9509E238589F10066F824 /* AppDelegate.swift */ = {isa = PBXFileReference; lastKnownFileType = sourcecode.swift; path = AppDelegate.swift; sourceTree = "<group>"; };
		7DD950A5238589F10066F824 /* Base */ = {isa = PBXFileReference; lastKnownFileType = file.storyboard; name = Base; path = Base.lproj/Main.storyboard; sourceTree = "<group>"; };
		7DD950A7238589F20066F824 /* Assets.xcassets */ = {isa = PBXFileReference; lastKnownFileType = folder.assetcatalog; path = Assets.xcassets; sourceTree = "<group>"; };
		7DD950AA238589F20066F824 /* Base */ = {isa = PBXFileReference; lastKnownFileType = file.storyboard; name = Base; path = Base.lproj/LaunchScreen.storyboard; sourceTree = "<group>"; };
		7DD950AC238589F20066F824 /* Info.plist */ = {isa = PBXFileReference; lastKnownFileType = text.plist.xml; path = Info.plist; sourceTree = "<group>"; };
		7DD950B223858AF90066F824 /* InputTableViewCell.swift */ = {isa = PBXFileReference; lastKnownFileType = sourcecode.swift; path = InputTableViewCell.swift; sourceTree = "<group>"; };
		7DD950B323858AF90066F824 /* InputTableViewCell.xib */ = {isa = PBXFileReference; lastKnownFileType = file.xib; path = InputTableViewCell.xib; sourceTree = "<group>"; };
		7DD950B623858CF40066F824 /* SceneDelegate.swift */ = {isa = PBXFileReference; fileEncoding = 4; lastKnownFileType = sourcecode.swift; path = SceneDelegate.swift; sourceTree = "<group>"; };
/* End PBXFileReference section */

/* Begin PBXFrameworksBuildPhase section */
		7DD95098238589F10066F824 /* Frameworks */ = {
			isa = PBXFrameworksBuildPhase;
			buildActionMask = 2147483647;
			files = (
			);
			runOnlyForDeploymentPostprocessing = 0;
		};
/* End PBXFrameworksBuildPhase section */

/* Begin PBXGroup section */
		7D04EF8023990C880051AE9C /* Cell */ = {
			isa = PBXGroup;
			children = (
				7DD950B223858AF90066F824 /* InputTableViewCell.swift */,
				7DD950B323858AF90066F824 /* InputTableViewCell.xib */,
			);
			path = Cell;
			sourceTree = "<group>";
		};
		7D04EF8123990CA70051AE9C /* Supporting files */ = {
			isa = PBXGroup;
			children = (
				7DD950A7238589F20066F824 /* Assets.xcassets */,
				7DD950A9238589F20066F824 /* LaunchScreen.storyboard */,
			);
			path = "Supporting files";
			sourceTree = "<group>";
		};
		7D21B8372399117400106ECB /* Assembly */ = {
			isa = PBXGroup;
			children = (
				7DBE86DD2397A85300A96BBC /* Assembly.swift */,
				7DBE86DF2397A86E00A96BBC /* AssemblyImpl.swift */,
			);
			path = Assembly;
			sourceTree = "<group>";
		};
		7DBE86C123978EC900A96BBC /* ValidationService */ = {
			isa = PBXGroup;
			children = (
				7DBE86BD23978E8A00A96BBC /* ValidationService.swift */,
				7DBE86BF23978EC400A96BBC /* ValidationServiceImpl.swift */,
				7DBE86C2239791BD00A96BBC /* ValidationError.swift */,
			);
			path = ValidationService;
			sourceTree = "<group>";
		};
		7DBE86C82397A01500A96BBC /* ViewModel */ = {
			isa = PBXGroup;
			children = (
				7DBE86C423979E9200A96BBC /* ViewModel.swift */,
				7DBE86C62397A00D00A96BBC /* ViewModelImpl.swift */,
			);
			path = ViewModel;
			sourceTree = "<group>";
		};
		7DBE86C92397A02800A96BBC /* View */ = {
			isa = PBXGroup;
			children = (
				7D04EF8023990C880051AE9C /* Cell */,
				7DBE86E52397B98C00A96BBC /* View.storyboard */,
				7DBE86E12397AAF800A96BBC /* ViewController.swift */,
				7DBE86CB2397A08C00A96BBC /* ViewInput.swift */,
			);
			path = View;
			sourceTree = "<group>";
		};
		7DBE86CA2397A03200A96BBC /* Model */ = {
			isa = PBXGroup;
			children = (
				7D04EF7E2398FA060051AE9C /* Input.swift */,
			);
			path = Model;
			sourceTree = "<group>";
		};
		7DBE86D12397A1AD00A96BBC /* Coordinator */ = {
			isa = PBXGroup;
			children = (
				7DBE86CD2397A16F00A96BBC /* Coordinator.swift */,
				7DBE86CF2397A1A600A96BBC /* CoordinatorImpl.swift */,
			);
			path = Coordinator;
			sourceTree = "<group>";
		};
		7DBE86D62397A42400A96BBC /* Application */ = {
			isa = PBXGroup;
			children = (
				7DD9509E238589F10066F824 /* AppDelegate.swift */,
				7DD950B623858CF40066F824 /* SceneDelegate.swift */,
				7DBE86D22397A40100A96BBC /* AppCoordinator.swift */,
				7DBE86D42397A40C00A96BBC /* AppCoordinatorImpl.swift */,
			);
			path = Application;
			sourceTree = "<group>";
		};
		7DBE86DB2397A60200A96BBC /* Main */ = {
			isa = PBXGroup;
			children = (
				7DD950A4238589F10066F824 /* Main.storyboard */,
				7D21B8382399304300106ECB /* MainContainer.swift */,
			);
			path = Main;
			sourceTree = "<group>";
		};
		7DBE86DC2397A61600A96BBC /* Module */ = {
			isa = PBXGroup;
			children = (
				7DBE86CA2397A03200A96BBC /* Model */,
				7DBE86C92397A02800A96BBC /* View */,
				7DBE86C82397A01500A96BBC /* ViewModel */,
				7DBE86D12397A1AD00A96BBC /* Coordinator */,
				7D21B8372399117400106ECB /* Assembly */,
			);
			path = Module;
			sourceTree = "<group>";
		};
		7DD95092238589F10066F824 = {
			isa = PBXGroup;
			children = (
				7DD9509D238589F10066F824 /* KVO+KVCTest_PDP */,
				7DD9509C238589F10066F824 /* Products */,
			);
			sourceTree = "<group>";
		};
		7DD9509C238589F10066F824 /* Products */ = {
			isa = PBXGroup;
			children = (
				7DD9509B238589F10066F824 /* KVO+KVCTest_PDP.app */,
			);
			name = Products;
			sourceTree = "<group>";
		};
		7DD9509D238589F10066F824 /* KVO+KVCTest_PDP */ = {
			isa = PBXGroup;
			children = (
				7DBE86DB2397A60200A96BBC /* Main */,
				7DBE86D62397A42400A96BBC /* Application */,
				7DBE86C123978EC900A96BBC /* ValidationService */,
				7DBE86DC2397A61600A96BBC /* Module */,
				7D04EF8123990CA70051AE9C /* Supporting files */,
				7DD950AC238589F20066F824 /* Info.plist */,
			);
			path = "KVO+KVCTest_PDP";
			sourceTree = "<group>";
		};
/* End PBXGroup section */

/* Begin PBXNativeTarget section */
		7DD9509A238589F10066F824 /* KVO+KVCTest_PDP */ = {
			isa = PBXNativeTarget;
			buildConfigurationList = 7DD950AF238589F20066F824 /* Build configuration list for PBXNativeTarget "KVO+KVCTest_PDP" */;
			buildPhases = (
				7DD95097238589F10066F824 /* Sources */,
				7DD95098238589F10066F824 /* Frameworks */,
				7DD95099238589F10066F824 /* Resources */,
			);
			buildRules = (
			);
			dependencies = (
			);
			name = "KVO+KVCTest_PDP";
			productName = "KVO+KVCTest_PDP";
			productReference = 7DD9509B238589F10066F824 /* KVO+KVCTest_PDP.app */;
			productType = "com.apple.product-type.application";
		};
/* End PBXNativeTarget section */

/* Begin PBXProject section */
		7DD95093238589F10066F824 /* Project object */ = {
			isa = PBXProject;
			attributes = {
				LastSwiftUpdateCheck = 1120;
				LastUpgradeCheck = 1120;
				ORGANIZATIONNAME = "Никита Королев";
				TargetAttributes = {
					7DD9509A238589F10066F824 = {
						CreatedOnToolsVersion = 11.2.1;
					};
				};
			};
			buildConfigurationList = 7DD95096238589F10066F824 /* Build configuration list for PBXProject "KVO+KVCTest_PDP" */;
			compatibilityVersion = "Xcode 9.3";
			developmentRegion = en;
			hasScannedForEncodings = 0;
			knownRegions = (
				en,
				Base,
			);
			mainGroup = 7DD95092238589F10066F824;
			productRefGroup = 7DD9509C238589F10066F824 /* Products */;
			projectDirPath = "";
			projectRoot = "";
			targets = (
				7DD9509A238589F10066F824 /* KVO+KVCTest_PDP */,
			);
		};
/* End PBXProject section */

/* Begin PBXResourcesBuildPhase section */
		7DD95099238589F10066F824 /* Resources */ = {
			isa = PBXResourcesBuildPhase;
			buildActionMask = 2147483647;
			files = (
				7DD950AB238589F20066F824 /* LaunchScreen.storyboard in Resources */,
				7DD950A8238589F20066F824 /* Assets.xcassets in Resources */,
				7DBE86E62397B98C00A96BBC /* View.storyboard in Resources */,
				7DD950B523858AF90066F824 /* InputTableViewCell.xib in Resources */,
				7DD950A6238589F10066F824 /* Main.storyboard in Resources */,
			);
			runOnlyForDeploymentPostprocessing = 0;
		};
/* End PBXResourcesBuildPhase section */

/* Begin PBXSourcesBuildPhase section */
		7DD95097238589F10066F824 /* Sources */ = {
			isa = PBXSourcesBuildPhase;
			buildActionMask = 2147483647;
			files = (
				7DBE86C523979E9200A96BBC /* ViewModel.swift in Sources */,
				7DBE86D02397A1A600A96BBC /* CoordinatorImpl.swift in Sources */,
				7DBE86CC2397A08C00A96BBC /* ViewInput.swift in Sources */,
				7DBE86C72397A00D00A96BBC /* ViewModelImpl.swift in Sources */,
				7DBE86D32397A40100A96BBC /* AppCoordinator.swift in Sources */,
				7DBE86C023978EC400A96BBC /* ValidationServiceImpl.swift in Sources */,
				7DBE86BE23978E8A00A96BBC /* ValidationService.swift in Sources */,
				7DBE86DE2397A85300A96BBC /* Assembly.swift in Sources */,
				7DBE86E22397AAF800A96BBC /* ViewController.swift in Sources */,
				7DD950B423858AF90066F824 /* InputTableViewCell.swift in Sources */,
				7D21B8392399304300106ECB /* MainContainer.swift in Sources */,
				7DBE86CE2397A16F00A96BBC /* Coordinator.swift in Sources */,
				7DBE86E02397A86E00A96BBC /* AssemblyImpl.swift in Sources */,
				7DBE86C3239791BD00A96BBC /* ValidationError.swift in Sources */,
				7DD9509F238589F10066F824 /* AppDelegate.swift in Sources */,
				7D04EF7F2398FA060051AE9C /* Input.swift in Sources */,
				7DD950B723858CF40066F824 /* SceneDelegate.swift in Sources */,
				7DBE86D52397A40C00A96BBC /* AppCoordinatorImpl.swift in Sources */,
			);
			runOnlyForDeploymentPostprocessing = 0;
		};
/* End PBXSourcesBuildPhase section */

/* Begin PBXVariantGroup section */
		7DD950A4238589F10066F824 /* Main.storyboard */ = {
			isa = PBXVariantGroup;
			children = (
				7DD950A5238589F10066F824 /* Base */,
			);
			name = Main.storyboard;
			sourceTree = "<group>";
		};
		7DD950A9238589F20066F824 /* LaunchScreen.storyboard */ = {
			isa = PBXVariantGroup;
			children = (
				7DD950AA238589F20066F824 /* Base */,
			);
			name = LaunchScreen.storyboard;
			sourceTree = "<group>";
		};
/* End PBXVariantGroup section */

/* Begin XCBuildConfiguration section */
		7DD950AD238589F20066F824 /* Debug */ = {
			isa = XCBuildConfiguration;
			buildSettings = {
				ALWAYS_SEARCH_USER_PATHS = NO;
				CLANG_ANALYZER_NONNULL = YES;
				CLANG_ANALYZER_NUMBER_OBJECT_CONVERSION = YES_AGGRESSIVE;
				CLANG_CXX_LANGUAGE_STANDARD = "gnu++14";
				CLANG_CXX_LIBRARY = "libc++";
				CLANG_ENABLE_MODULES = YES;
				CLANG_ENABLE_OBJC_ARC = YES;
				CLANG_ENABLE_OBJC_WEAK = YES;
				CLANG_WARN_BLOCK_CAPTURE_AUTORELEASING = YES;
				CLANG_WARN_BOOL_CONVERSION = YES;
				CLANG_WARN_COMMA = YES;
				CLANG_WARN_CONSTANT_CONVERSION = YES;
				CLANG_WARN_DEPRECATED_OBJC_IMPLEMENTATIONS = YES;
				CLANG_WARN_DIRECT_OBJC_ISA_USAGE = YES_ERROR;
				CLANG_WARN_DOCUMENTATION_COMMENTS = YES;
				CLANG_WARN_EMPTY_BODY = YES;
				CLANG_WARN_ENUM_CONVERSION = YES;
				CLANG_WARN_INFINITE_RECURSION = YES;
				CLANG_WARN_INT_CONVERSION = YES;
				CLANG_WARN_NON_LITERAL_NULL_CONVERSION = YES;
				CLANG_WARN_OBJC_IMPLICIT_RETAIN_SELF = YES;
				CLANG_WARN_OBJC_LITERAL_CONVERSION = YES;
				CLANG_WARN_OBJC_ROOT_CLASS = YES_ERROR;
				CLANG_WARN_RANGE_LOOP_ANALYSIS = YES;
				CLANG_WARN_STRICT_PROTOTYPES = YES;
				CLANG_WARN_SUSPICIOUS_MOVE = YES;
				CLANG_WARN_UNGUARDED_AVAILABILITY = YES_AGGRESSIVE;
				CLANG_WARN_UNREACHABLE_CODE = YES;
				CLANG_WARN__DUPLICATE_METHOD_MATCH = YES;
				COPY_PHASE_STRIP = NO;
				DEBUG_INFORMATION_FORMAT = dwarf;
				ENABLE_STRICT_OBJC_MSGSEND = YES;
				ENABLE_TESTABILITY = YES;
				GCC_C_LANGUAGE_STANDARD = gnu11;
				GCC_DYNAMIC_NO_PIC = NO;
				GCC_NO_COMMON_BLOCKS = YES;
				GCC_OPTIMIZATION_LEVEL = 0;
				GCC_PREPROCESSOR_DEFINITIONS = (
					"DEBUG=1",
					"$(inherited)",
				);
				GCC_WARN_64_TO_32_BIT_CONVERSION = YES;
				GCC_WARN_ABOUT_RETURN_TYPE = YES_ERROR;
				GCC_WARN_UNDECLARED_SELECTOR = YES;
				GCC_WARN_UNINITIALIZED_AUTOS = YES_AGGRESSIVE;
				GCC_WARN_UNUSED_FUNCTION = YES;
				GCC_WARN_UNUSED_VARIABLE = YES;
				IPHONEOS_DEPLOYMENT_TARGET = 13.2;
				MTL_ENABLE_DEBUG_INFO = INCLUDE_SOURCE;
				MTL_FAST_MATH = YES;
				ONLY_ACTIVE_ARCH = YES;
				SDKROOT = iphoneos;
				SWIFT_ACTIVE_COMPILATION_CONDITIONS = DEBUG;
				SWIFT_OPTIMIZATION_LEVEL = "-Onone";
			};
			name = Debug;
		};
		7DD950AE238589F20066F824 /* Release */ = {
			isa = XCBuildConfiguration;
			buildSettings = {
				ALWAYS_SEARCH_USER_PATHS = NO;
				CLANG_ANALYZER_NONNULL = YES;
				CLANG_ANALYZER_NUMBER_OBJECT_CONVERSION = YES_AGGRESSIVE;
				CLANG_CXX_LANGUAGE_STANDARD = "gnu++14";
				CLANG_CXX_LIBRARY = "libc++";
				CLANG_ENABLE_MODULES = YES;
				CLANG_ENABLE_OBJC_ARC = YES;
				CLANG_ENABLE_OBJC_WEAK = YES;
				CLANG_WARN_BLOCK_CAPTURE_AUTORELEASING = YES;
				CLANG_WARN_BOOL_CONVERSION = YES;
				CLANG_WARN_COMMA = YES;
				CLANG_WARN_CONSTANT_CONVERSION = YES;
				CLANG_WARN_DEPRECATED_OBJC_IMPLEMENTATIONS = YES;
				CLANG_WARN_DIRECT_OBJC_ISA_USAGE = YES_ERROR;
				CLANG_WARN_DOCUMENTATION_COMMENTS = YES;
				CLANG_WARN_EMPTY_BODY = YES;
				CLANG_WARN_ENUM_CONVERSION = YES;
				CLANG_WARN_INFINITE_RECURSION = YES;
				CLANG_WARN_INT_CONVERSION = YES;
				CLANG_WARN_NON_LITERAL_NULL_CONVERSION = YES;
				CLANG_WARN_OBJC_IMPLICIT_RETAIN_SELF = YES;
				CLANG_WARN_OBJC_LITERAL_CONVERSION = YES;
				CLANG_WARN_OBJC_ROOT_CLASS = YES_ERROR;
				CLANG_WARN_RANGE_LOOP_ANALYSIS = YES;
				CLANG_WARN_STRICT_PROTOTYPES = YES;
				CLANG_WARN_SUSPICIOUS_MOVE = YES;
				CLANG_WARN_UNGUARDED_AVAILABILITY = YES_AGGRESSIVE;
				CLANG_WARN_UNREACHABLE_CODE = YES;
				CLANG_WARN__DUPLICATE_METHOD_MATCH = YES;
				COPY_PHASE_STRIP = NO;
				DEBUG_INFORMATION_FORMAT = "dwarf-with-dsym";
				ENABLE_NS_ASSERTIONS = NO;
				ENABLE_STRICT_OBJC_MSGSEND = YES;
				GCC_C_LANGUAGE_STANDARD = gnu11;
				GCC_NO_COMMON_BLOCKS = YES;
				GCC_WARN_64_TO_32_BIT_CONVERSION = YES;
				GCC_WARN_ABOUT_RETURN_TYPE = YES_ERROR;
				GCC_WARN_UNDECLARED_SELECTOR = YES;
				GCC_WARN_UNINITIALIZED_AUTOS = YES_AGGRESSIVE;
				GCC_WARN_UNUSED_FUNCTION = YES;
				GCC_WARN_UNUSED_VARIABLE = YES;
				IPHONEOS_DEPLOYMENT_TARGET = 13.2;
				MTL_ENABLE_DEBUG_INFO = NO;
				MTL_FAST_MATH = YES;
				SDKROOT = iphoneos;
				SWIFT_COMPILATION_MODE = wholemodule;
				SWIFT_OPTIMIZATION_LEVEL = "-O";
				VALIDATE_PRODUCT = YES;
			};
			name = Release;
		};
		7DD950B0238589F20066F824 /* Debug */ = {
			isa = XCBuildConfiguration;
			buildSettings = {
				ASSETCATALOG_COMPILER_APPICON_NAME = AppIcon;
				CODE_SIGN_STYLE = Automatic;
				DEVELOPMENT_TEAM = MUPSX863JX;
				INFOPLIST_FILE = "KVO+KVCTest_PDP/Info.plist";
				LD_RUNPATH_SEARCH_PATHS = (
					"$(inherited)",
					"@executable_path/Frameworks",
				);
				PRODUCT_BUNDLE_IDENTIFIER = "senlaStudying.KVO-KVCTest-PDP";
				PRODUCT_NAME = "$(TARGET_NAME)";
				SWIFT_VERSION = 5.0;
				TARGETED_DEVICE_FAMILY = "1,2";
			};
			name = Debug;
		};
		7DD950B1238589F20066F824 /* Release */ = {
			isa = XCBuildConfiguration;
			buildSettings = {
				ASSETCATALOG_COMPILER_APPICON_NAME = AppIcon;
				CODE_SIGN_STYLE = Automatic;
				DEVELOPMENT_TEAM = MUPSX863JX;
				INFOPLIST_FILE = "KVO+KVCTest_PDP/Info.plist";
				LD_RUNPATH_SEARCH_PATHS = (
					"$(inherited)",
					"@executable_path/Frameworks",
				);
				PRODUCT_BUNDLE_IDENTIFIER = "senlaStudying.KVO-KVCTest-PDP";
				PRODUCT_NAME = "$(TARGET_NAME)";
				SWIFT_VERSION = 5.0;
				TARGETED_DEVICE_FAMILY = "1,2";
			};
			name = Release;
		};
/* End XCBuildConfiguration section */

/* Begin XCConfigurationList section */
		7DD95096238589F10066F824 /* Build configuration list for PBXProject "KVO+KVCTest_PDP" */ = {
			isa = XCConfigurationList;
			buildConfigurations = (
				7DD950AD238589F20066F824 /* Debug */,
				7DD950AE238589F20066F824 /* Release */,
			);
			defaultConfigurationIsVisible = 0;
			defaultConfigurationName = Release;
		};
		7DD950AF238589F20066F824 /* Build configuration list for PBXNativeTarget "KVO+KVCTest_PDP" */ = {
			isa = XCConfigurationList;
			buildConfigurations = (
				7DD950B0238589F20066F824 /* Debug */,
				7DD950B1238589F20066F824 /* Release */,
			);
			defaultConfigurationIsVisible = 0;
			defaultConfigurationName = Release;
		};
/* End XCConfigurationList section */
	};
	rootObject = 7DD95093238589F10066F824 /* Project object */;
}
